
Microsoft Visual Studio Solution File, Format Version 12.00
# Visual Studio Version 17
VisualStudioVersion = 17.9.34701.34
MinimumVisualStudioVersion = 10.0.40219.1
Project("{8BC9CEB8-8B4A-11D0-8D11-00A0C91BC942}") = "Password", "Password\Password protected poop.vcxproj", "{58B06545-B3B0-4AF3-9249-5F9BA7A316F0}"
EndProject
Global
	GlobalSection(SolutionConfigurationPlatforms) = preSolution
		Debug|x64 = Debug|x64
		Debug|x86 = Debug|x86
		Release|x64 = Release|x64
		Release|x86 = Release|x86
	EndGlobalSection
	GlobalSection(ProjectConfigurationPlatforms) = postSolution
		{58B06545-B3B0-4AF3-9249-5F9BA7A316F0}.Debug|x64.ActiveCfg = Debug|x64
		{58B06545-B3B0-4AF3-9249-5F9BA7A316F0}.Debug|x64.Build.0 = Debug|x64
		{58B06545-B3B0-4AF3-9249-5F9BA7A316F0}.Debug|x86.ActiveCfg = Debug|Win32
		{58B06545-B3B0-4AF3-9249-5F9BA7A316F0}.Debug|x86.Build.0 = Debug|Win32
		{58B06545-B3B0-4AF3-9249-5F9BA7A316F0}.Release|x64.ActiveCfg = Release|x64
		{58B06545-B3B0-4AF3-9249-5F9BA7A316F0}.Release|x64.Build.0 = Release|x64
		{58B06545-B3B0-4AF3-9249-5F9BA7A316F0}.Release|x86.ActiveCfg = Release|Win32
		{58B06545-B3B0-4AF3-9249-5F9BA7A316F0}.Release|x86.Build.0 = Release|Win32
	EndGlobalSection
	GlobalSection(SolutionProperties) = preSolution
		HideSolutionNode = FALSE
	EndGlobalSection
	GlobalSection(ExtensibilityGlobals) = postSolution
		SolutionGuid = {650FC1EC-F2F9-437C-83BC-03A19626670D}
	EndGlobalSection
EndGlobal
